
Microsoft Visual Studio Solution File, Format Version 12.00
# Visual Studio Version 17
VisualStudioVersion = 17.12.35514.174 d17.12
MinimumVisualStudioVersion = 10.0.40219.1
Project("{FAE04EC0-301F-11D3-BF4B-00C04F79EFBC}") = "ListExerciseHelp", "ListExerciseHelp\ListExerciseHelp.csproj", "{5BAD44B1-37EC-44F3-B772-ED05E8389D7C}"
EndProject
Project("{FAE04EC0-301F-11D3-BF4B-00C04F79EFBC}") = "ListexerciseHelp1", "ListexerciseHelp1\ListexerciseHelp1.csproj", "{86B12A87-696F-49CA-87C0-58B920DF123F}"
EndProject
Global
	GlobalSection(SolutionConfigurationPlatforms) = preSolution
		Debug|Any CPU = Debug|Any CPU
		Release|Any CPU = Release|Any CPU
	EndGlobalSection
	GlobalSection(ProjectConfigurationPlatforms) = postSolution
		{5BAD44B1-37EC-44F3-B772-ED05E8389D7C}.Debug|Any CPU.ActiveCfg = Debug|Any CPU
		{5BAD44B1-37EC-44F3-B772-ED05E8389D7C}.Debug|Any CPU.Build.0 = Debug|Any CPU
		{5BAD44B1-37EC-44F3-B772-ED05E8389D7C}.Release|Any CPU.ActiveCfg = Release|Any CPU
		{5BAD44B1-37EC-44F3-B772-ED05E8389D7C}.Release|Any CPU.Build.0 = Release|Any CPU
		{86B12A87-696F-49CA-87C0-58B920DF123F}.Debug|Any CPU.ActiveCfg = Debug|Any CPU
		{86B12A87-696F-49CA-87C0-58B920DF123F}.Debug|Any CPU.Build.0 = Debug|Any CPU
		{86B12A87-696F-49CA-87C0-58B920DF123F}.Release|Any CPU.ActiveCfg = Release|Any CPU
		{86B12A87-696F-49CA-87C0-58B920DF123F}.Release|Any CPU.Build.0 = Release|Any CPU
	EndGlobalSection
	GlobalSection(SolutionProperties) = preSolution
		HideSolutionNode = FALSE
	EndGlobalSection
EndGlobal
